// !$*UTF8*$!
{
	archiveVersion = 1;
	classes = {
	};
	objectVersion = 46;
	objects = {

/* Begin PBXBuildFile section */
		89406DEC1C0A0106003BA90D /* AppDelegate.swift in Sources */ = {isa = PBXBuildFile; fileRef = 89406DEB1C0A0106003BA90D /* AppDelegate.swift */; };
		89406DEE1C0A0106003BA90D /* ViewController.swift in Sources */ = {isa = PBXBuildFile; fileRef = 89406DED1C0A0106003BA90D /* ViewController.swift */; };
		89406DF11C0A0106003BA90D /* Main.storyboard in Resources */ = {isa = PBXBuildFile; fileRef = 89406DEF1C0A0106003BA90D /* Main.storyboard */; };
		89406DF31C0A0106003BA90D /* Assets.xcassets in Resources */ = {isa = PBXBuildFile; fileRef = 89406DF21C0A0106003BA90D /* Assets.xcassets */; };
		89406DF61C0A0106003BA90D /* LaunchScreen.storyboard in Resources */ = {isa = PBXBuildFile; fileRef = 89406DF41C0A0106003BA90D /* LaunchScreen.storyboard */; };
		89406E011C0A0106003BA90D /* SlideMenuTests.swift in Sources */ = {isa = PBXBuildFile; fileRef = 89406E001C0A0106003BA90D /* SlideMenuTests.swift */; };
		89406E0C1C0A0106003BA90D /* SlideMenuUITests.swift in Sources */ = {isa = PBXBuildFile; fileRef = 89406E0B1C0A0106003BA90D /* SlideMenuUITests.swift */; };
		89406E211C0A0D5F003BA90D /* DrawerTableViewController.swift in Sources */ = {isa = PBXBuildFile; fileRef = 89406E201C0A0D5F003BA90D /* DrawerTableViewController.swift */; };
		89406E231C0A110D003BA90D /* HomeVC.swift in Sources */ = {isa = PBXBuildFile; fileRef = 89406E221C0A110D003BA90D /* HomeVC.swift */; };
		89406E251C0A111C003BA90D /* SettingVC.swift in Sources */ = {isa = PBXBuildFile; fileRef = 89406E241C0A111C003BA90D /* SettingVC.swift */; };
		897EE2041C27B190007C094F /* KYDrawerController.swift in Sources */ = {isa = PBXBuildFile; fileRef = 897EE2031C27B190007C094F /* KYDrawerController.swift */; };
		897EE2061C27B1B4007C094F /* KYEmbedDrawerControllerSegue.swift in Sources */ = {isa = PBXBuildFile; fileRef = 897EE2051C27B1B4007C094F /* KYEmbedDrawerControllerSegue.swift */; };
		897EE2081C27B1CD007C094F /* KYEmbedMainControllerSegue.swift in Sources */ = {isa = PBXBuildFile; fileRef = 897EE2071C27B1CD007C094F /* KYEmbedMainControllerSegue.swift */; };
/* End PBXBuildFile section */

/* Begin PBXContainerItemProxy section */
		89406DFD1C0A0106003BA90D /* PBXContainerItemProxy */ = {
			isa = PBXContainerItemProxy;
			containerPortal = 89406DE01C0A0105003BA90D /* Project object */;
			proxyType = 1;
			remoteGlobalIDString = 89406DE71C0A0105003BA90D;
			remoteInfo = SlideMenu;
		};
		89406E081C0A0106003BA90D /* PBXContainerItemProxy */ = {
			isa = PBXContainerItemProxy;
			containerPortal = 89406DE01C0A0105003BA90D /* Project object */;
			proxyType = 1;
			remoteGlobalIDString = 89406DE71C0A0105003BA90D;
			remoteInfo = SlideMenu;
		};
/* End PBXContainerItemProxy section */

/* Begin PBXFileReference section */
		89406DE81C0A0105003BA90D /* SlideMenu.app */ = {isa = PBXFileReference; explicitFileType = wrapper.application; includeInIndex = 0; path = SlideMenu.app; sourceTree = BUILT_PRODUCTS_DIR; };
		89406DEB1C0A0106003BA90D /* AppDelegate.swift */ = {isa = PBXFileReference; lastKnownFileType = sourcecode.swift; path = AppDelegate.swift; sourceTree = "<group>"; };
		89406DED1C0A0106003BA90D /* ViewController.swift */ = {isa = PBXFileReference; lastKnownFileType = sourcecode.swift; path = ViewController.swift; sourceTree = "<group>"; };
		89406DF01C0A0106003BA90D /* Base */ = {isa = PBXFileReference; lastKnownFileType = file.storyboard; name = Base; path = Base.lproj/Main.storyboard; sourceTree = "<group>"; };
		89406DF21C0A0106003BA90D /* Assets.xcassets */ = {isa = PBXFileReference; lastKnownFileType = folder.assetcatalog; path = Assets.xcassets; sourceTree = "<group>"; };
		89406DF51C0A0106003BA90D /* Base */ = {isa = PBXFileReference; lastKnownFileType = file.storyboard; name = Base; path = Base.lproj/LaunchScreen.storyboard; sourceTree = "<group>"; };
		89406DF71C0A0106003BA90D /* Info.plist */ = {isa = PBXFileReference; lastKnownFileType = text.plist.xml; path = Info.plist; sourceTree = "<group>"; };
		89406DFC1C0A0106003BA90D /* SlideMenuTests.xctest */ = {isa = PBXFileReference; explicitFileType = wrapper.cfbundle; includeInIndex = 0; path = SlideMenuTests.xctest; sourceTree = BUILT_PRODUCTS_DIR; };
		89406E001C0A0106003BA90D /* SlideMenuTests.swift */ = {isa = PBXFileReference; lastKnownFileType = sourcecode.swift; path = SlideMenuTests.swift; sourceTree = "<group>"; };
		89406E021C0A0106003BA90D /* Info.plist */ = {isa = PBXFileReference; lastKnownFileType = text.plist.xml; path = Info.plist; sourceTree = "<group>"; };
		89406E071C0A0106003BA90D /* SlideMenuUITests.xctest */ = {isa = PBXFileReference; explicitFileType = wrapper.cfbundle; includeInIndex = 0; path = SlideMenuUITests.xctest; sourceTree = BUILT_PRODUCTS_DIR; };
		89406E0B1C0A0106003BA90D /* SlideMenuUITests.swift */ = {isa = PBXFileReference; lastKnownFileType = sourcecode.swift; path = SlideMenuUITests.swift; sourceTree = "<group>"; };
		89406E0D1C0A0106003BA90D /* Info.plist */ = {isa = PBXFileReference; lastKnownFileType = text.plist.xml; path = Info.plist; sourceTree = "<group>"; };
		89406E201C0A0D5F003BA90D /* DrawerTableViewController.swift */ = {isa = PBXFileReference; fileEncoding = 4; lastKnownFileType = sourcecode.swift; path = DrawerTableViewController.swift; sourceTree = "<group>"; };
		89406E221C0A110D003BA90D /* HomeVC.swift */ = {isa = PBXFileReference; fileEncoding = 4; lastKnownFileType = sourcecode.swift; path = HomeVC.swift; sourceTree = "<group>"; };
		89406E241C0A111C003BA90D /* SettingVC.swift */ = {isa = PBXFileReference; fileEncoding = 4; lastKnownFileType = sourcecode.swift; path = SettingVC.swift; sourceTree = "<group>"; };
		897EE2031C27B190007C094F /* KYDrawerController.swift */ = {isa = PBXFileReference; fileEncoding = 4; lastKnownFileType = sourcecode.swift; path = KYDrawerController.swift; sourceTree = "<group>"; };
		897EE2051C27B1B4007C094F /* KYEmbedDrawerControllerSegue.swift */ = {isa = PBXFileReference; fileEncoding = 4; lastKnownFileType = sourcecode.swift; path = KYEmbedDrawerControllerSegue.swift; sourceTree = "<group>"; };
		897EE2071C27B1CD007C094F /* KYEmbedMainControllerSegue.swift */ = {isa = PBXFileReference; fileEncoding = 4; lastKnownFileType = sourcecode.swift; path = KYEmbedMainControllerSegue.swift; sourceTree = "<group>"; };
/* End PBXFileReference section */

/* Begin PBXFrameworksBuildPhase section */
		89406DE51C0A0105003BA90D /* Frameworks */ = {
			isa = PBXFrameworksBuildPhase;
			buildActionMask = 2147483647;
			files = (
			);
			runOnlyForDeploymentPostprocessing = 0;
		};
		89406DF91C0A0106003BA90D /* Frameworks */ = {
			isa = PBXFrameworksBuildPhase;
			buildActionMask = 2147483647;
			files = (
			);
			runOnlyForDeploymentPostprocessing = 0;
		};
		89406E041C0A0106003BA90D /* Frameworks */ = {
			isa = PBXFrameworksBuildPhase;
			buildActionMask = 2147483647;
			files = (
			);
			runOnlyForDeploymentPostprocessing = 0;
		};
/* End PBXFrameworksBuildPhase section */

/* Begin PBXGroup section */
		89406DDF1C0A0105003BA90D = {
			isa = PBXGroup;
			children = (
				89406DEA1C0A0106003BA90D /* SlideMenu */,
				89406DFF1C0A0106003BA90D /* SlideMenuTests */,
				89406E0A1C0A0106003BA90D /* SlideMenuUITests */,
				89406DE91C0A0105003BA90D /* Products */,
			);
			sourceTree = "<group>";
		};
		89406DE91C0A0105003BA90D /* Products */ = {
			isa = PBXGroup;
			children = (
				89406DE81C0A0105003BA90D /* SlideMenu.app */,
				89406DFC1C0A0106003BA90D /* SlideMenuTests.xctest */,
				89406E071C0A0106003BA90D /* SlideMenuUITests.xctest */,
			);
			name = Products;
			sourceTree = "<group>";
		};
		89406DEA1C0A0106003BA90D /* SlideMenu */ = {
			isa = PBXGroup;
			children = (
				897EE2021C27B164007C094F /* KYDrawerController */,
				89406DEB1C0A0106003BA90D /* AppDelegate.swift */,
				89406DED1C0A0106003BA90D /* ViewController.swift */,
				89406DEF1C0A0106003BA90D /* Main.storyboard */,
				89406DF21C0A0106003BA90D /* Assets.xcassets */,
				89406DF41C0A0106003BA90D /* LaunchScreen.storyboard */,
				89406DF71C0A0106003BA90D /* Info.plist */,
				89406E201C0A0D5F003BA90D /* DrawerTableViewController.swift */,
				89406E221C0A110D003BA90D /* HomeVC.swift */,
				89406E241C0A111C003BA90D /* SettingVC.swift */,
			);
			path = SlideMenu;
			sourceTree = "<group>";
		};
		89406DFF1C0A0106003BA90D /* SlideMenuTests */ = {
			isa = PBXGroup;
			children = (
				89406E001C0A0106003BA90D /* SlideMenuTests.swift */,
				89406E021C0A0106003BA90D /* Info.plist */,
			);
			path = SlideMenuTests;
			sourceTree = "<group>";
		};
		89406E0A1C0A0106003BA90D /* SlideMenuUITests */ = {
			isa = PBXGroup;
			children = (
				89406E0B1C0A0106003BA90D /* SlideMenuUITests.swift */,
				89406E0D1C0A0106003BA90D /* Info.plist */,
			);
			path = SlideMenuUITests;
			sourceTree = "<group>";
		};
		897EE2021C27B164007C094F /* KYDrawerController */ = {
			isa = PBXGroup;
			children = (
				897EE2031C27B190007C094F /* KYDrawerController.swift */,
				897EE2051C27B1B4007C094F /* KYEmbedDrawerControllerSegue.swift */,
				897EE2071C27B1CD007C094F /* KYEmbedMainControllerSegue.swift */,
			);
			name = KYDrawerController;
			sourceTree = "<group>";
		};
/* End PBXGroup section */

/* Begin PBXNativeTarget section */
		89406DE71C0A0105003BA90D /* SlideMenu */ = {
			isa = PBXNativeTarget;
			buildConfigurationList = 89406E101C0A0106003BA90D /* Build configuration list for PBXNativeTarget "SlideMenu" */;
			buildPhases = (
				89406DE41C0A0105003BA90D /* Sources */,
				89406DE51C0A0105003BA90D /* Frameworks */,
				89406DE61C0A0105003BA90D /* Resources */,
			);
			buildRules = (
			);
			dependencies = (
			);
			name = SlideMenu;
			productName = SlideMenu;
			productReference = 89406DE81C0A0105003BA90D /* SlideMenu.app */;
			productType = "com.apple.product-type.application";
		};
		89406DFB1C0A0106003BA90D /* SlideMenuTests */ = {
			isa = PBXNativeTarget;
			buildConfigurationList = 89406E131C0A0106003BA90D /* Build configuration list for PBXNativeTarget "SlideMenuTests" */;
			buildPhases = (
				89406DF81C0A0106003BA90D /* Sources */,
				89406DF91C0A0106003BA90D /* Frameworks */,
				89406DFA1C0A0106003BA90D /* Resources */,
			);
			buildRules = (
			);
			dependencies = (
				89406DFE1C0A0106003BA90D /* PBXTargetDependency */,
			);
			name = SlideMenuTests;
			productName = SlideMenuTests;
			productReference = 89406DFC1C0A0106003BA90D /* SlideMenuTests.xctest */;
			productType = "com.apple.product-type.bundle.unit-test";
		};
		89406E061C0A0106003BA90D /* SlideMenuUITests */ = {
			isa = PBXNativeTarget;
			buildConfigurationList = 89406E161C0A0106003BA90D /* Build configuration list for PBXNativeTarget "SlideMenuUITests" */;
			buildPhases = (
				89406E031C0A0106003BA90D /* Sources */,
				89406E041C0A0106003BA90D /* Frameworks */,
				89406E051C0A0106003BA90D /* Resources */,
			);
			buildRules = (
			);
			dependencies = (
				89406E091C0A0106003BA90D /* PBXTargetDependency */,
			);
			name = SlideMenuUITests;
			productName = SlideMenuUITests;
			productReference = 89406E071C0A0106003BA90D /* SlideMenuUITests.xctest */;
			productType = "com.apple.product-type.bundle.ui-testing";
		};
/* End PBXNativeTarget section */

/* Begin PBXProject section */
		89406DE01C0A0105003BA90D /* Project object */ = {
			isa = PBXProject;
			attributes = {
				LastSwiftUpdateCheck = 0710;
				LastUpgradeCheck = 0710;
				ORGANIZATIONNAME = BuiToan;
				TargetAttributes = {
					89406DE71C0A0105003BA90D = {
						CreatedOnToolsVersion = 7.1.1;
						DevelopmentTeam = 6ERQ5R9ZZP;
					};
					89406DFB1C0A0106003BA90D = {
						CreatedOnToolsVersion = 7.1.1;
						DevelopmentTeam = 6ERQ5R9ZZP;
						TestTargetID = 89406DE71C0A0105003BA90D;
					};
					89406E061C0A0106003BA90D = {
						CreatedOnToolsVersion = 7.1.1;
						DevelopmentTeam = 6ERQ5R9ZZP;
						TestTargetID = 89406DE71C0A0105003BA90D;
					};
				};
			};
			buildConfigurationList = 89406DE31C0A0105003BA90D /* Build configuration list for PBXProject "SlideMenu" */;
			compatibilityVersion = "Xcode 3.2";
			developmentRegion = English;
			hasScannedForEncodings = 0;
			knownRegions = (
				en,
				Base,
			);
			mainGroup = 89406DDF1C0A0105003BA90D;
			productRefGroup = 89406DE91C0A0105003BA90D /* Products */;
			projectDirPath = "";
			projectRoot = "";
			targets = (
				89406DE71C0A0105003BA90D /* SlideMenu */,
				89406DFB1C0A0106003BA90D /* SlideMenuTests */,
				89406E061C0A0106003BA90D /* SlideMenuUITests */,
			);
		};
/* End PBXProject section */

/* Begin PBXResourcesBuildPhase section */
		89406DE61C0A0105003BA90D /* Resources */ = {
			isa = PBXResourcesBuildPhase;
			buildActionMask = 2147483647;
			files = (
				89406DF61C0A0106003BA90D /* LaunchScreen.storyboard in Resources */,
				89406DF31C0A0106003BA90D /* Assets.xcassets in Resources */,
				89406DF11C0A0106003BA90D /* Main.storyboard in Resources */,
			);
			runOnlyForDeploymentPostprocessing = 0;
		};
		89406DFA1C0A0106003BA90D /* Resources */ = {
			isa = PBXResourcesBuildPhase;
			buildActionMask = 2147483647;
			files = (
			);
			runOnlyForDeploymentPostprocessing = 0;
		};
		89406E051C0A0106003BA90D /* Resources */ = {
			isa = PBXResourcesBuildPhase;
			buildActionMask = 2147483647;
			files = (
			);
			runOnlyForDeploymentPostprocessing = 0;
		};
/* End PBXResourcesBuildPhase section */

/* Begin PBXSourcesBuildPhase section */
		89406DE41C0A0105003BA90D /* Sources */ = {
			isa = PBXSourcesBuildPhase;
			buildActionMask = 2147483647;
			files = (
				897EE2061C27B1B4007C094F /* KYEmbedDrawerControllerSegue.swift in Sources */,
				897EE2081C27B1CD007C094F /* KYEmbedMainControllerSegue.swift in Sources */,
				89406E251C0A111C003BA90D /* SettingVC.swift in Sources */,
				89406E231C0A110D003BA90D /* HomeVC.swift in Sources */,
				897EE2041C27B190007C094F /* KYDrawerController.swift in Sources */,
				89406E211C0A0D5F003BA90D /* DrawerTableViewController.swift in Sources */,
				89406DEE1C0A0106003BA90D /* ViewController.swift in Sources */,
				89406DEC1C0A0106003BA90D /* AppDelegate.swift in Sources */,
			);
			runOnlyForDeploymentPostprocessing = 0;
		};
		89406DF81C0A0106003BA90D /* Sources */ = {
			isa = PBXSourcesBuildPhase;
			buildActionMask = 2147483647;
			files = (
				89406E011C0A0106003BA90D /* SlideMenuTests.swift in Sources */,
			);
			runOnlyForDeploymentPostprocessing = 0;
		};
		89406E031C0A0106003BA90D /* Sources */ = {
			isa = PBXSourcesBuildPhase;
			buildActionMask = 2147483647;
			files = (
				89406E0C1C0A0106003BA90D /* SlideMenuUITests.swift in Sources */,
			);
			runOnlyForDeploymentPostprocessing = 0;
		};
/* End PBXSourcesBuildPhase section */

/* Begin PBXTargetDependency section */
		89406DFE1C0A0106003BA90D /* PBXTargetDependency */ = {
			isa = PBXTargetDependency;
			target = 89406DE71C0A0105003BA90D /* SlideMenu */;
			targetProxy = 89406DFD1C0A0106003BA90D /* PBXContainerItemProxy */;
		};
		89406E091C0A0106003BA90D /* PBXTargetDependency */ = {
			isa = PBXTargetDependency;
			target = 89406DE71C0A0105003BA90D /* SlideMenu */;
			targetProxy = 89406E081C0A0106003BA90D /* PBXContainerItemProxy */;
		};
/* End PBXTargetDependency section */

/* Begin PBXVariantGroup section */
		89406DEF1C0A0106003BA90D /* Main.storyboard */ = {
			isa = PBXVariantGroup;
			children = (
				89406DF01C0A0106003BA90D /* Base */,
			);
			name = Main.storyboard;
			sourceTree = "<group>";
		};
		89406DF41C0A0106003BA90D /* LaunchScreen.storyboard */ = {
			isa = PBXVariantGroup;
			children = (
				89406DF51C0A0106003BA90D /* Base */,
			);
			name = LaunchScreen.storyboard;
			sourceTree = "<group>";
		};
/* End PBXVariantGroup section */

/* Begin XCBuildConfiguration section */
		89406E0E1C0A0106003BA90D /* Debug */ = {
			isa = XCBuildConfiguration;
			buildSettings = {
				ALWAYS_SEARCH_USER_PATHS = NO;
				CLANG_CXX_LANGUAGE_STANDARD = "gnu++0x";
				CLANG_CXX_LIBRARY = "libc++";
				CLANG_ENABLE_MODULES = YES;
				CLANG_ENABLE_OBJC_ARC = YES;
				CLANG_WARN_BOOL_CONVERSION = YES;
				CLANG_WARN_CONSTANT_CONVERSION = YES;
				CLANG_WARN_DIRECT_OBJC_ISA_USAGE = YES_ERROR;
				CLANG_WARN_EMPTY_BODY = YES;
				CLANG_WARN_ENUM_CONVERSION = YES;
				CLANG_WARN_INT_CONVERSION = YES;
				CLANG_WARN_OBJC_ROOT_CLASS = YES_ERROR;
				CLANG_WARN_UNREACHABLE_CODE = YES;
				CLANG_WARN__DUPLICATE_METHOD_MATCH = YES;
				"CODE_SIGN_IDENTITY[sdk=iphoneos*]" = "iPhone Developer";
				COPY_PHASE_STRIP = NO;
				DEBUG_INFORMATION_FORMAT = dwarf;
				ENABLE_STRICT_OBJC_MSGSEND = YES;
				ENABLE_TESTABILITY = YES;
				GCC_C_LANGUAGE_STANDARD = gnu99;
				GCC_DYNAMIC_NO_PIC = NO;
				GCC_NO_COMMON_BLOCKS = YES;
				GCC_OPTIMIZATION_LEVEL = 0;
				GCC_PREPROCESSOR_DEFINITIONS = (
					"DEBUG=1",
					"$(inherited)",
				);
				GCC_WARN_64_TO_32_BIT_CONVERSION = YES;
				GCC_WARN_ABOUT_RETURN_TYPE = YES_ERROR;
				GCC_WARN_UNDECLARED_SELECTOR = YES;
				GCC_WARN_UNINITIALIZED_AUTOS = YES_AGGRESSIVE;
				GCC_WARN_UNUSED_FUNCTION = YES;
				GCC_WARN_UNUSED_VARIABLE = YES;
				IPHONEOS_DEPLOYMENT_TARGET = 9.1;
				MTL_ENABLE_DEBUG_INFO = YES;
				ONLY_ACTIVE_ARCH = YES;
				SDKROOT = iphoneos;
				SWIFT_OPTIMIZATION_LEVEL = "-Onone";
				TARGETED_DEVICE_FAMILY = "1,2";
			};
			name = Debug;
		};
		89406E0F1C0A0106003BA90D /* Release */ = {
			isa = XCBuildConfiguration;
			buildSettings = {
				ALWAYS_SEARCH_USER_PATHS = NO;
				CLANG_CXX_LANGUAGE_STANDARD = "gnu++0x";
				CLANG_CXX_LIBRARY = "libc++";
				CLANG_ENABLE_MODULES = YES;
				CLANG_ENABLE_OBJC_ARC = YES;
				CLANG_WARN_BOOL_CONVERSION = YES;
				CLANG_WARN_CONSTANT_CONVERSION = YES;
				CLANG_WARN_DIRECT_OBJC_ISA_USAGE = YES_ERROR;
				CLANG_WARN_EMPTY_BODY = YES;
				CLANG_WARN_ENUM_CONVERSION = YES;
				CLANG_WARN_INT_CONVERSION = YES;
				CLANG_WARN_OBJC_ROOT_CLASS = YES_ERROR;
				CLANG_WARN_UNREACHABLE_CODE = YES;
				CLANG_WARN__DUPLICATE_METHOD_MATCH = YES;
				"CODE_SIGN_IDENTITY[sdk=iphoneos*]" = "iPhone Developer";
				COPY_PHASE_STRIP = NO;
				DEBUG_INFORMATION_FORMAT = "dwarf-with-dsym";
				ENABLE_NS_ASSERTIONS = NO;
				ENABLE_STRICT_OBJC_MSGSEND = YES;
				GCC_C_LANGUAGE_STANDARD = gnu99;
				GCC_NO_COMMON_BLOCKS = YES;
				GCC_WARN_64_TO_32_BIT_CONVERSION = YES;
				GCC_WARN_ABOUT_RETURN_TYPE = YES_ERROR;
				GCC_WARN_UNDECLARED_SELECTOR = YES;
				GCC_WARN_UNINITIALIZED_AUTOS = YES_AGGRESSIVE;
				GCC_WARN_UNUSED_FUNCTION = YES;
				GCC_WARN_UNUSED_VARIABLE = YES;
				IPHONEOS_DEPLOYMENT_TARGET = 9.1;
				MTL_ENABLE_DEBUG_INFO = NO;
				SDKROOT = iphoneos;
				TARGETED_DEVICE_FAMILY = "1,2";
				VALIDATE_PRODUCT = YES;
			};
			name = Release;
		};
		89406E111C0A0106003BA90D /* Debug */ = {
			isa = XCBuildConfiguration;
			buildSettings = {
				ASSETCATALOG_COMPILER_APPICON_NAME = AppIcon;
				INFOPLIST_FILE = SlideMenu/Info.plist;
				LD_RUNPATH_SEARCH_PATHS = "$(inherited) @executable_path/Frameworks";
				PRODUCT_BUNDLE_IDENTIFIER = BuiToan.SlideMenu;
				PRODUCT_NAME = "$(TARGET_NAME)";
			};
			name = Debug;
		};
		89406E121C0A0106003BA90D /* Release */ = {
			isa = XCBuildConfiguration;
			buildSettings = {
				ASSETCATALOG_COMPILER_APPICON_NAME = AppIcon;
				INFOPLIST_FILE = SlideMenu/Info.plist;
				LD_RUNPATH_SEARCH_PATHS = "$(inherited) @executable_path/Frameworks";
				PRODUCT_BUNDLE_IDENTIFIER = BuiToan.SlideMenu;
				PRODUCT_NAME = "$(TARGET_NAME)";
			};
			name = Release;
		};
		89406E141C0A0106003BA90D /* Debug */ = {
			isa = XCBuildConfiguration;
			buildSettings = {
				BUNDLE_LOADER = "$(TEST_HOST)";
				INFOPLIST_FILE = SlideMenuTests/Info.plist;
				LD_RUNPATH_SEARCH_PATHS = "$(inherited) @executable_path/Frameworks @loader_path/Frameworks";
				PRODUCT_BUNDLE_IDENTIFIER = BuiToan.SlideMenuTests;
				PRODUCT_NAME = "$(TARGET_NAME)";
				TEST_HOST = "$(BUILT_PRODUCTS_DIR)/SlideMenu.app/SlideMenu";
			};
			name = Debug;
		};
		89406E151C0A0106003BA90D /* Release */ = {
			isa = XCBuildConfiguration;
			buildSettings = {
				BUNDLE_LOADER = "$(TEST_HOST)";
				INFOPLIST_FILE = SlideMenuTests/Info.plist;
				LD_RUNPATH_SEARCH_PATHS = "$(inherited) @executable_path/Frameworks @loader_path/Frameworks";
				PRODUCT_BUNDLE_IDENTIFIER = BuiToan.SlideMenuTests;
				PRODUCT_NAME = "$(TARGET_NAME)";
				TEST_HOST = "$(BUILT_PRODUCTS_DIR)/SlideMenu.app/SlideMenu";
			};
			name = Release;
		};
		89406E171C0A0106003BA90D /* Debug */ = {
			isa = XCBuildConfiguration;
			buildSettings = {
				INFOPLIST_FILE = SlideMenuUITests/Info.plist;
				LD_RUNPATH_SEARCH_PATHS = "$(inherited) @executable_path/Frameworks @loader_path/Frameworks";
				PRODUCT_BUNDLE_IDENTIFIER = BuiToan.SlideMenuUITests;
				PRODUCT_NAME = "$(TARGET_NAME)";
				TEST_TARGET_NAME = SlideMenu;
				USES_XCTRUNNER = YES;
			};
			name = Debug;
		};
		89406E181C0A0106003BA90D /* Release */ = {
			isa = XCBuildConfiguration;
			buildSettings = {
				INFOPLIST_FILE = SlideMenuUITests/Info.plist;
				LD_RUNPATH_SEARCH_PATHS = "$(inherited) @executable_path/Frameworks @loader_path/Frameworks";
				PRODUCT_BUNDLE_IDENTIFIER = BuiToan.SlideMenuUITests;
				PRODUCT_NAME = "$(TARGET_NAME)";
				TEST_TARGET_NAME = SlideMenu;
				USES_XCTRUNNER = YES;
			};
			name = Release;
		};
/* End XCBuildConfiguration section */

/* Begin XCConfigurationList section */
		89406DE31C0A0105003BA90D /* Build configuration list for PBXProject "SlideMenu" */ = {
			isa = XCConfigurationList;
			buildConfigurations = (
				89406E0E1C0A0106003BA90D /* Debug */,
				89406E0F1C0A0106003BA90D /* Release */,
			);
			defaultConfigurationIsVisible = 0;
			defaultConfigurationName = Release;
		};
		89406E101C0A0106003BA90D /* Build configuration list for PBXNativeTarget "SlideMenu" */ = {
			isa = XCConfigurationList;
			buildConfigurations = (
				89406E111C0A0106003BA90D /* Debug */,
				89406E121C0A0106003BA90D /* Release */,
			);
			defaultConfigurationIsVisible = 0;
			defaultConfigurationName = Release;
		};
		89406E131C0A0106003BA90D /* Build configuration list for PBXNativeTarget "SlideMenuTests" */ = {
			isa = XCConfigurationList;
			buildConfigurations = (
				89406E141C0A0106003BA90D /* Debug */,
				89406E151C0A0106003BA90D /* Release */,
			);
			defaultConfigurationIsVisible = 0;
			defaultConfigurationName = Release;
		};
		89406E161C0A0106003BA90D /* Build configuration list for PBXNativeTarget "SlideMenuUITests" */ = {
			isa = XCConfigurationList;
			buildConfigurations = (
				89406E171C0A0106003BA90D /* Debug */,
				89406E181C0A0106003BA90D /* Release */,
			);
			defaultConfigurationIsVisible = 0;
			defaultConfigurationName = Release;
		};
/* End XCConfigurationList section */
	};
	rootObject = 89406DE01C0A0105003BA90D /* Project object */;
}
